// !$*UTF8*$!
{
	archiveVersion = 1;
	classes = {
	};
	objectVersion = 50;
	objects = {

/* Begin PBXBuildFile section */
		04F204A0266EE9D60030A146 /* AppDelegate.swift in Sources */ = {isa = PBXBuildFile; fileRef = 04F2049F266EE9D60030A146 /* AppDelegate.swift */; };
		04F204A2266EE9D60030A146 /* SceneDelegate.swift in Sources */ = {isa = PBXBuildFile; fileRef = 04F204A1266EE9D60030A146 /* SceneDelegate.swift */; };
		04F204A4266EE9D60030A146 /* BullsEyeVC.swift in Sources */ = {isa = PBXBuildFile; fileRef = 04F204A3266EE9D60030A146 /* BullsEyeVC.swift */; };
		04F204A7266EE9D60030A146 /* Main.storyboard in Resources */ = {isa = PBXBuildFile; fileRef = 04F204A5266EE9D60030A146 /* Main.storyboard */; };
		04F204A9266EE9DA0030A146 /* Assets.xcassets in Resources */ = {isa = PBXBuildFile; fileRef = 04F204A8266EE9DA0030A146 /* Assets.xcassets */; };
		04F204AC266EE9DA0030A146 /* LaunchScreen.storyboard in Resources */ = {isa = PBXBuildFile; fileRef = 04F204AA266EE9DA0030A146 /* LaunchScreen.storyboard */; };
		04F204B6266EEB130030A146 /* BullsEye.html in Resources */ = {isa = PBXBuildFile; fileRef = 04F204B5266EEB130030A146 /* BullsEye.html */; };
		04F204C0266EFE080030A146 /* InfoVC.swift in Sources */ = {isa = PBXBuildFile; fileRef = 04F204BF266EFE080030A146 /* InfoVC.swift */; };
/* End PBXBuildFile section */

/* Begin PBXFileReference section */
		04F2049C266EE9D60030A146 /* BulsEye.app */ = {isa = PBXFileReference; explicitFileType = wrapper.application; includeInIndex = 0; path = BulsEye.app; sourceTree = BUILT_PRODUCTS_DIR; };
		04F2049F266EE9D60030A146 /* AppDelegate.swift */ = {isa = PBXFileReference; lastKnownFileType = sourcecode.swift; path = AppDelegate.swift; sourceTree = "<group>"; };
		04F204A1266EE9D60030A146 /* SceneDelegate.swift */ = {isa = PBXFileReference; lastKnownFileType = sourcecode.swift; path = SceneDelegate.swift; sourceTree = "<group>"; };
		04F204A3266EE9D60030A146 /* BullsEyeVC.swift */ = {isa = PBXFileReference; lastKnownFileType = sourcecode.swift; path = BullsEyeVC.swift; sourceTree = "<group>"; };
		04F204A6266EE9D60030A146 /* Base */ = {isa = PBXFileReference; lastKnownFileType = file.storyboard; name = Base; path = Base.lproj/Main.storyboard; sourceTree = "<group>"; };
		04F204A8266EE9DA0030A146 /* Assets.xcassets */ = {isa = PBXFileReference; lastKnownFileType = folder.assetcatalog; path = Assets.xcassets; sourceTree = "<group>"; };
		04F204AB266EE9DA0030A146 /* Base */ = {isa = PBXFileReference; lastKnownFileType = file.storyboard; name = Base; path = Base.lproj/LaunchScreen.storyboard; sourceTree = "<group>"; };
		04F204AD266EE9DA0030A146 /* Info.plist */ = {isa = PBXFileReference; lastKnownFileType = text.plist.xml; path = Info.plist; sourceTree = "<group>"; };
		04F204B5266EEB130030A146 /* BullsEye.html */ = {isa = PBXFileReference; fileEncoding = 4; lastKnownFileType = text.html; path = BullsEye.html; sourceTree = "<group>"; };
		04F204BF266EFE080030A146 /* InfoVC.swift */ = {isa = PBXFileReference; lastKnownFileType = sourcecode.swift; path = InfoVC.swift; sourceTree = "<group>"; };
/* End PBXFileReference section */

/* Begin PBXFrameworksBuildPhase section */
		04F20499266EE9D60030A146 /* Frameworks */ = {
			isa = PBXFrameworksBuildPhase;
			buildActionMask = 2147483647;
			files = (
			);
			runOnlyForDeploymentPostprocessing = 0;
		};
/* End PBXFrameworksBuildPhase section */

/* Begin PBXGroup section */
		04F20493266EE9D60030A146 = {
			isa = PBXGroup;
			children = (
				04F204BC266EFD080030A146 /* App Delegates */,
				04F204BB266EFCFB0030A146 /* Controller */,
				04F204BA266EFCF10030A146 /* View */,
				04F204B9266EFCE00030A146 /* Model */,
				04F204B4266EEADE0030A146 /* Resources */,
				04F2049E266EE9D60030A146 /* BulsEye */,
				04F2049D266EE9D60030A146 /* Products */,
			);
			sourceTree = "<group>";
		};
		04F2049D266EE9D60030A146 /* Products */ = {
			isa = PBXGroup;
			children = (
				04F2049C266EE9D60030A146 /* BulsEye.app */,
			);
			name = Products;
			sourceTree = "<group>";
		};
		04F2049E266EE9D60030A146 /* BulsEye */ = {
			isa = PBXGroup;
			children = (
				04F204A8266EE9DA0030A146 /* Assets.xcassets */,
				04F204AD266EE9DA0030A146 /* Info.plist */,
			);
			path = BulsEye;
			sourceTree = "<group>";
		};
		04F204B4266EEADE0030A146 /* Resources */ = {
			isa = PBXGroup;
			children = (
				04F204B5266EEB130030A146 /* BullsEye.html */,
			);
			path = Resources;
			sourceTree = "<group>";
		};
		04F204B9266EFCE00030A146 /* Model */ = {
			isa = PBXGroup;
			children = (
			);
			path = Model;
			sourceTree = "<group>";
		};
		04F204BA266EFCF10030A146 /* View */ = {
			isa = PBXGroup;
			children = (
				04F204BD266EFD1E0030A146 /* Storyboards */,
			);
			path = View;
			sourceTree = "<group>";
		};
		04F204BB266EFCFB0030A146 /* Controller */ = {
			isa = PBXGroup;
			children = (
				04F204A3266EE9D60030A146 /* BullsEyeVC.swift */,
				04F204BF266EFE080030A146 /* InfoVC.swift */,
			);
			path = Controller;
			sourceTree = "<group>";
		};
		04F204BC266EFD080030A146 /* App Delegates */ = {
			isa = PBXGroup;
			children = (
				04F2049F266EE9D60030A146 /* AppDelegate.swift */,
				04F204A1266EE9D60030A146 /* SceneDelegate.swift */,
			);
			path = "App Delegates";
			sourceTree = "<group>";
		};
		04F204BD266EFD1E0030A146 /* Storyboards */ = {
			isa = PBXGroup;
			children = (
				04F204A5266EE9D60030A146 /* Main.storyboard */,
				04F204AA266EE9DA0030A146 /* LaunchScreen.storyboard */,
			);
			path = Storyboards;
			sourceTree = "<group>";
		};
/* End PBXGroup section */

/* Begin PBXNativeTarget section */
		04F2049B266EE9D60030A146 /* BulsEye */ = {
			isa = PBXNativeTarget;
			buildConfigurationList = 04F204B0266EE9DA0030A146 /* Build configuration list for PBXNativeTarget "BulsEye" */;
			buildPhases = (
				04F20498266EE9D60030A146 /* Sources */,
				04F20499266EE9D60030A146 /* Frameworks */,
				04F2049A266EE9D60030A146 /* Resources */,
			);
			buildRules = (
			);
			dependencies = (
			);
			name = BulsEye;
			productName = BulsEye;
			productReference = 04F2049C266EE9D60030A146 /* BulsEye.app */;
			productType = "com.apple.product-type.application";
		};
/* End PBXNativeTarget section */

/* Begin PBXProject section */
		04F20494266EE9D60030A146 /* Project object */ = {
			isa = PBXProject;
			attributes = {
				LastSwiftUpdateCheck = 1240;
				LastUpgradeCheck = 1240;
				TargetAttributes = {
					04F2049B266EE9D60030A146 = {
						CreatedOnToolsVersion = 12.4;
					};
				};
			};
			buildConfigurationList = 04F20497266EE9D60030A146 /* Build configuration list for PBXProject "BulsEye" */;
			compatibilityVersion = "Xcode 9.3";
			developmentRegion = en;
			hasScannedForEncodings = 0;
			knownRegions = (
				en,
				Base,
			);
			mainGroup = 04F20493266EE9D60030A146;
			productRefGroup = 04F2049D266EE9D60030A146 /* Products */;
			projectDirPath = "";
			projectRoot = "";
			targets = (
				04F2049B266EE9D60030A146 /* BulsEye */,
			);
		};
/* End PBXProject section */

/* Begin PBXResourcesBuildPhase section */
		04F2049A266EE9D60030A146 /* Resources */ = {
			isa = PBXResourcesBuildPhase;
			buildActionMask = 2147483647;
			files = (
				04F204AC266EE9DA0030A146 /* LaunchScreen.storyboard in Resources */,
				04F204B6266EEB130030A146 /* BullsEye.html in Resources */,
				04F204A9266EE9DA0030A146 /* Assets.xcassets in Resources */,
				04F204A7266EE9D60030A146 /* Main.storyboard in Resources */,
			);
			runOnlyForDeploymentPostprocessing = 0;
		};
/* End PBXResourcesBuildPhase section */

/* Begin PBXSourcesBuildPhase section */
		04F20498266EE9D60030A146 /* Sources */ = {
			isa = PBXSourcesBuildPhase;
			buildActionMask = 2147483647;
			files = (
				04F204C0266EFE080030A146 /* InfoVC.swift in Sources */,
				04F204A4266EE9D60030A146 /* BullsEyeVC.swift in Sources */,
				04F204A0266EE9D60030A146 /* AppDelegate.swift in Sources */,
				04F204A2266EE9D60030A146 /* SceneDelegate.swift in Sources */,
			);
			runOnlyForDeploymentPostprocessing = 0;
		};
/* End PBXSourcesBuildPhase section */

/* Begin PBXVariantGroup section */
		04F204A5266EE9D60030A146 /* Main.storyboard */ = {
			isa = PBXVariantGroup;
			children = (
				04F204A6266EE9D60030A146 /* Base */,
			);
			name = Main.storyboard;
			sourceTree = "<group>";
		};
		04F204AA266EE9DA0030A146 /* LaunchScreen.storyboard */ = {
			isa = PBXVariantGroup;
			children = (
				04F204AB266EE9DA0030A146 /* Base */,
			);
			name = LaunchScreen.storyboard;
			sourceTree = "<group>";
		};
/* End PBXVariantGroup section */

/* Begin XCBuildConfiguration section */
		04F204AE266EE9DA0030A146 /* Debug */ = {
			isa = XCBuildConfiguration;
			buildSettings = {
				ALWAYS_SEARCH_USER_PATHS = NO;
				CLANG_ANALYZER_NONNULL = YES;
				CLANG_ANALYZER_NUMBER_OBJECT_CONVERSION = YES_AGGRESSIVE;
				CLANG_CXX_LANGUAGE_STANDARD = "gnu++14";
				CLANG_CXX_LIBRARY = "libc++";
				CLANG_ENABLE_MODULES = YES;
				CLANG_ENABLE_OBJC_ARC = YES;
				CLANG_ENABLE_OBJC_WEAK = YES;
				CLANG_WARN_BLOCK_CAPTURE_AUTORELEASING = YES;
				CLANG_WARN_BOOL_CONVERSION = YES;
				CLANG_WARN_COMMA = YES;
				CLANG_WARN_CONSTANT_CONVERSION = YES;
				CLANG_WARN_DEPRECATED_OBJC_IMPLEMENTATIONS = YES;
				CLANG_WARN_DIRECT_OBJC_ISA_USAGE = YES_ERROR;
				CLANG_WARN_DOCUMENTATION_COMMENTS = YES;
				CLANG_WARN_EMPTY_BODY = YES;
				CLANG_WARN_ENUM_CONVERSION = YES;
				CLANG_WARN_INFINITE_RECURSION = YES;
				CLANG_WARN_INT_CONVERSION = YES;
				CLANG_WARN_NON_LITERAL_NULL_CONVERSION = YES;
				CLANG_WARN_OBJC_IMPLICIT_RETAIN_SELF = YES;
				CLANG_WARN_OBJC_LITERAL_CONVERSION = YES;
				CLANG_WARN_OBJC_ROOT_CLASS = YES_ERROR;
				CLANG_WARN_QUOTED_INCLUDE_IN_FRAMEWORK_HEADER = YES;
				CLANG_WARN_RANGE_LOOP_ANALYSIS = YES;
				CLANG_WARN_STRICT_PROTOTYPES = YES;
				CLANG_WARN_SUSPICIOUS_MOVE = YES;
				CLANG_WARN_UNGUARDED_AVAILABILITY = YES_AGGRESSIVE;
				CLANG_WARN_UNREACHABLE_CODE = YES;
				CLANG_WARN__DUPLICATE_METHOD_MATCH = YES;
				COPY_PHASE_STRIP = NO;
				DEBUG_INFORMATION_FORMAT = dwarf;
				ENABLE_STRICT_OBJC_MSGSEND = YES;
				ENABLE_TESTABILITY = YES;
				GCC_C_LANGUAGE_STANDARD = gnu11;
				GCC_DYNAMIC_NO_PIC = NO;
				GCC_NO_COMMON_BLOCKS = YES;
				GCC_OPTIMIZATION_LEVEL = 0;
				GCC_PREPROCESSOR_DEFINITIONS = (
					"DEBUG=1",
					"$(inherited)",
				);
				GCC_WARN_64_TO_32_BIT_CONVERSION = YES;
				GCC_WARN_ABOUT_RETURN_TYPE = YES_ERROR;
				GCC_WARN_UNDECLARED_SELECTOR = YES;
				GCC_WARN_UNINITIALIZED_AUTOS = YES_AGGRESSIVE;
				GCC_WARN_UNUSED_FUNCTION = YES;
				GCC_WARN_UNUSED_VARIABLE = YES;
				IPHONEOS_DEPLOYMENT_TARGET = 14.4;
				MTL_ENABLE_DEBUG_INFO = INCLUDE_SOURCE;
				MTL_FAST_MATH = YES;
				ONLY_ACTIVE_ARCH = YES;
				SDKROOT = iphoneos;
				SWIFT_ACTIVE_COMPILATION_CONDITIONS = DEBUG;
				SWIFT_OPTIMIZATION_LEVEL = "-Onone";
			};
			name = Debug;
		};
		04F204AF266EE9DA0030A146 /* Release */ = {
			isa = XCBuildConfiguration;
			buildSettings = {
				ALWAYS_SEARCH_USER_PATHS = NO;
				CLANG_ANALYZER_NONNULL = YES;
				CLANG_ANALYZER_NUMBER_OBJECT_CONVERSION = YES_AGGRESSIVE;
				CLANG_CXX_LANGUAGE_STANDARD = "gnu++14";
				CLANG_CXX_LIBRARY = "libc++";
				CLANG_ENABLE_MODULES = YES;
				CLANG_ENABLE_OBJC_ARC = YES;
				CLANG_ENABLE_OBJC_WEAK = YES;
				CLANG_WARN_BLOCK_CAPTURE_AUTORELEASING = YES;
				CLANG_WARN_BOOL_CONVERSION = YES;
				CLANG_WARN_COMMA = YES;
				CLANG_WARN_CONSTANT_CONVERSION = YES;
				CLANG_WARN_DEPRECATED_OBJC_IMPLEMENTATIONS = YES;
				CLANG_WARN_DIRECT_OBJC_ISA_USAGE = YES_ERROR;
				CLANG_WARN_DOCUMENTATION_COMMENTS = YES;
				CLANG_WARN_EMPTY_BODY = YES;
				CLANG_WARN_ENUM_CONVERSION = YES;
				CLANG_WARN_INFINITE_RECURSION = YES;
				CLANG_WARN_INT_CONVERSION = YES;
				CLANG_WARN_NON_LITERAL_NULL_CONVERSION = YES;
				CLANG_WARN_OBJC_IMPLICIT_RETAIN_SELF = YES;
				CLANG_WARN_OBJC_LITERAL_CONVERSION = YES;
				CLANG_WARN_OBJC_ROOT_CLASS = YES_ERROR;
				CLANG_WARN_QUOTED_INCLUDE_IN_FRAMEWORK_HEADER = YES;
				CLANG_WARN_RANGE_LOOP_ANALYSIS = YES;
				CLANG_WARN_STRICT_PROTOTYPES = YES;
				CLANG_WARN_SUSPICIOUS_MOVE = YES;
				CLANG_WARN_UNGUARDED_AVAILABILITY = YES_AGGRESSIVE;
				CLANG_WARN_UNREACHABLE_CODE = YES;
				CLANG_WARN__DUPLICATE_METHOD_MATCH = YES;
				COPY_PHASE_STRIP = NO;
				DEBUG_INFORMATION_FORMAT = "dwarf-with-dsym";
				ENABLE_NS_ASSERTIONS = NO;
				ENABLE_STRICT_OBJC_MSGSEND = YES;
				GCC_C_LANGUAGE_STANDARD = gnu11;
				GCC_NO_COMMON_BLOCKS = YES;
				GCC_WARN_64_TO_32_BIT_CONVERSION = YES;
				GCC_WARN_ABOUT_RETURN_TYPE = YES_ERROR;
				GCC_WARN_UNDECLARED_SELECTOR = YES;
				GCC_WARN_UNINITIALIZED_AUTOS = YES_AGGRESSIVE;
				GCC_WARN_UNUSED_FUNCTION = YES;
				GCC_WARN_UNUSED_VARIABLE = YES;
				IPHONEOS_DEPLOYMENT_TARGET = 14.4;
				MTL_ENABLE_DEBUG_INFO = NO;
				MTL_FAST_MATH = YES;
				SDKROOT = iphoneos;
				SWIFT_COMPILATION_MODE = wholemodule;
				SWIFT_OPTIMIZATION_LEVEL = "-O";
				VALIDATE_PRODUCT = YES;
			};
			name = Release;
		};
		04F204B1266EE9DA0030A146 /* Debug */ = {
			isa = XCBuildConfiguration;
			buildSettings = {
				ASSETCATALOG_COMPILER_APPICON_NAME = AppIcon;
				ASSETCATALOG_COMPILER_GLOBAL_ACCENT_COLOR_NAME = AccentColor;
				CODE_SIGN_STYLE = Automatic;
				INFOPLIST_FILE = BulsEye/Info.plist;
				LD_RUNPATH_SEARCH_PATHS = (
					"$(inherited)",
					"@executable_path/Frameworks",
				);
				PRODUCT_BUNDLE_IDENTIFIER = com.awaga.BulsEye;
				PRODUCT_NAME = "$(TARGET_NAME)";
				SWIFT_VERSION = 5.0;
				TARGETED_DEVICE_FAMILY = "1,2";
			};
			name = Debug;
		};
		04F204B2266EE9DA0030A146 /* Release */ = {
			isa = XCBuildConfiguration;
			buildSettings = {
				ASSETCATALOG_COMPILER_APPICON_NAME = AppIcon;
				ASSETCATALOG_COMPILER_GLOBAL_ACCENT_COLOR_NAME = AccentColor;
				CODE_SIGN_STYLE = Automatic;
				INFOPLIST_FILE = BulsEye/Info.plist;
				LD_RUNPATH_SEARCH_PATHS = (
					"$(inherited)",
					"@executable_path/Frameworks",
				);
				PRODUCT_BUNDLE_IDENTIFIER = com.awaga.BulsEye;
				PRODUCT_NAME = "$(TARGET_NAME)";
				SWIFT_VERSION = 5.0;
				TARGETED_DEVICE_FAMILY = "1,2";
			};
			name = Release;
		};
/* End XCBuildConfiguration section */

/* Begin XCConfigurationList section */
		04F20497266EE9D60030A146 /* Build configuration list for PBXProject "BulsEye" */ = {
			isa = XCConfigurationList;
			buildConfigurations = (
				04F204AE266EE9DA0030A146 /* Debug */,
				04F204AF266EE9DA0030A146 /* Release */,
			);
			defaultConfigurationIsVisible = 0;
			defaultConfigurationName = Release;
		};
		04F204B0266EE9DA0030A146 /* Build configuration list for PBXNativeTarget "BulsEye" */ = {
			isa = XCConfigurationList;
			buildConfigurations = (
				04F204B1266EE9DA0030A146 /* Debug */,
				04F204B2266EE9DA0030A146 /* Release */,
			);
			defaultConfigurationIsVisible = 0;
			defaultConfigurationName = Release;
		};
/* End XCConfigurationList section */
	};
	rootObject = 04F20494266EE9D60030A146 /* Project object */;
}
